// !$*UTF8*$!
{
	archiveVersion = 1;
	classes = {
	};
	objectVersion = 46;
	objects = {

/* Begin PBXBuildFile section */
		297B48270458BA2567535BBB /* Pods_InRoZe.framework in Frameworks */ = {isa = PBXBuildFile; fileRef = 025DA5AD4652E67328D77902 /* Pods_InRoZe.framework */; };
		A70F25DB1F2C87A40048D060 /* FBEvent.swift in Sources */ = {isa = PBXBuildFile; fileRef = A70F25DA1F2C87A40048D060 /* FBEvent.swift */; };
		A70F25DD1F2C8B2F0048D060 /* FBEventS.swift in Sources */ = {isa = PBXBuildFile; fileRef = A70F25DC1F2C8B2F0048D060 /* FBEventS.swift */; };
		A71C7C821F2A55C400A0D5A8 /* UIImageColors.swift in Sources */ = {isa = PBXBuildFile; fileRef = A71C7C811F2A55C400A0D5A8 /* UIImageColors.swift */; };
		A72B792E1F2231AF009FB389 /* AppDelegate.swift in Sources */ = {isa = PBXBuildFile; fileRef = A72B792D1F2231AF009FB389 /* AppDelegate.swift */; };
		A72B79301F2231AF009FB389 /* FavoriteViewController.swift in Sources */ = {isa = PBXBuildFile; fileRef = A72B792F1F2231AF009FB389 /* FavoriteViewController.swift */; };
		A72B79331F2231AF009FB389 /* Main.storyboard in Resources */ = {isa = PBXBuildFile; fileRef = A72B79311F2231AF009FB389 /* Main.storyboard */; };
		A72B79361F2231AF009FB389 /* InRoZe.xcdatamodeld in Sources */ = {isa = PBXBuildFile; fileRef = A72B79341F2231AF009FB389 /* InRoZe.xcdatamodeld */; };
		A72B79381F2231AF009FB389 /* Assets.xcassets in Resources */ = {isa = PBXBuildFile; fileRef = A72B79371F2231AF009FB389 /* Assets.xcassets */; };
		A72B793B1F2231AF009FB389 /* LaunchScreen.storyboard in Resources */ = {isa = PBXBuildFile; fileRef = A72B79391F2231AF009FB389 /* LaunchScreen.storyboard */; };
		A77676051F26B9B200F1FA52 /* EventViewController.swift in Sources */ = {isa = PBXBuildFile; fileRef = A77676041F26B9B200F1FA52 /* EventViewController.swift */; };
		A77676071F26B9DB00F1FA52 /* SearchViewController.swift in Sources */ = {isa = PBXBuildFile; fileRef = A77676061F26B9DB00F1FA52 /* SearchViewController.swift */; };
		A77676091F26B9E800F1FA52 /* ProfileViewController.swift in Sources */ = {isa = PBXBuildFile; fileRef = A77676081F26B9E800F1FA52 /* ProfileViewController.swift */; };
		A776760B1F26B9F600F1FA52 /* SettingsViewController.swift in Sources */ = {isa = PBXBuildFile; fileRef = A776760A1F26B9F600F1FA52 /* SettingsViewController.swift */; };
		A776760D1F26BE8200F1FA52 /* StickyCollectionViewFlowLayout.swift in Sources */ = {isa = PBXBuildFile; fileRef = A776760C1F26BE8200F1FA52 /* StickyCollectionViewFlowLayout.swift */; };
		A77676141F26D49E00F1FA52 /* UIColorExtension.swift in Sources */ = {isa = PBXBuildFile; fileRef = A77676131F26D49E00F1FA52 /* UIColorExtension.swift */; };
		A77676161F27C52F00F1FA52 /* EventCollectionViewCell.swift in Sources */ = {isa = PBXBuildFile; fileRef = A77676151F27C52F00F1FA52 /* EventCollectionViewCell.swift */; };
		A77676181F28CCE400F1FA52 /* Constants.swift in Sources */ = {isa = PBXBuildFile; fileRef = A77676171F28CCE400F1FA52 /* Constants.swift */; };
		A776761A1F28E1E000F1FA52 /* FacebookEvents.swift in Sources */ = {isa = PBXBuildFile; fileRef = A77676191F28E1E000F1FA52 /* FacebookEvents.swift */; };
		A7A24D4A1F390B6600EFB82E /* RozeLink.swift in Sources */ = {isa = PBXBuildFile; fileRef = A7A24D491F390B6600EFB82E /* RozeLink.swift */; };
		A7EC36601F3387C200548C11 /* Event.swift in Sources */ = {isa = PBXBuildFile; fileRef = A7EC365F1F3387C200548C11 /* Event.swift */; };
		A7EC36621F3387DA00548C11 /* Place.swift in Sources */ = {isa = PBXBuildFile; fileRef = A7EC36611F3387DA00548C11 /* Place.swift */; };
		A7EC36651F33954600548C11 /* NSDictionary+KeyPathConvenience.swift in Sources */ = {isa = PBXBuildFile; fileRef = A7EC36641F33954600548C11 /* NSDictionary+KeyPathConvenience.swift */; };
		A7EC36851F36553B00548C11 /* LoginViewController.swift in Sources */ = {isa = PBXBuildFile; fileRef = A7EC36841F36553B00548C11 /* LoginViewController.swift */; };
		A7EC36871F365AA900548C11 /* TabBarViewController.swift in Sources */ = {isa = PBXBuildFile; fileRef = A7EC36861F365AA900548C11 /* TabBarViewController.swift */; };
/* End PBXBuildFile section */

/* Begin PBXFileReference section */
		025DA5AD4652E67328D77902 /* Pods_InRoZe.framework */ = {isa = PBXFileReference; explicitFileType = wrapper.framework; includeInIndex = 0; path = Pods_InRoZe.framework; sourceTree = BUILT_PRODUCTS_DIR; };
		434049AE2BF497F26E4FEE54 /* Pods-InRoZe.debug.xcconfig */ = {isa = PBXFileReference; includeInIndex = 1; lastKnownFileType = text.xcconfig; name = "Pods-InRoZe.debug.xcconfig"; path = "Pods/Target Support Files/Pods-InRoZe/Pods-InRoZe.debug.xcconfig"; sourceTree = "<group>"; };
		A70F25DA1F2C87A40048D060 /* FBEvent.swift */ = {isa = PBXFileReference; fileEncoding = 4; lastKnownFileType = sourcecode.swift; path = FBEvent.swift; sourceTree = "<group>"; };
		A70F25DC1F2C8B2F0048D060 /* FBEventS.swift */ = {isa = PBXFileReference; fileEncoding = 4; lastKnownFileType = sourcecode.swift; path = FBEventS.swift; sourceTree = "<group>"; };
		A71C7C811F2A55C400A0D5A8 /* UIImageColors.swift */ = {isa = PBXFileReference; fileEncoding = 4; lastKnownFileType = sourcecode.swift; path = UIImageColors.swift; sourceTree = "<group>"; };
		A72B792A1F2231AF009FB389 /* InRoZe.app */ = {isa = PBXFileReference; explicitFileType = wrapper.application; includeInIndex = 0; path = InRoZe.app; sourceTree = BUILT_PRODUCTS_DIR; };
		A72B792D1F2231AF009FB389 /* AppDelegate.swift */ = {isa = PBXFileReference; lastKnownFileType = sourcecode.swift; path = AppDelegate.swift; sourceTree = "<group>"; };
		A72B792F1F2231AF009FB389 /* FavoriteViewController.swift */ = {isa = PBXFileReference; lastKnownFileType = sourcecode.swift; path = FavoriteViewController.swift; sourceTree = "<group>"; };
		A72B79321F2231AF009FB389 /* Base */ = {isa = PBXFileReference; lastKnownFileType = file.storyboard; name = Base; path = Base.lproj/Main.storyboard; sourceTree = "<group>"; };
		A72B79351F2231AF009FB389 /* InRoZe.xcdatamodel */ = {isa = PBXFileReference; lastKnownFileType = wrapper.xcdatamodel; path = InRoZe.xcdatamodel; sourceTree = "<group>"; };
		A72B79371F2231AF009FB389 /* Assets.xcassets */ = {isa = PBXFileReference; lastKnownFileType = folder.assetcatalog; path = Assets.xcassets; sourceTree = "<group>"; };
		A72B793A1F2231AF009FB389 /* Base */ = {isa = PBXFileReference; lastKnownFileType = file.storyboard; name = Base; path = Base.lproj/LaunchScreen.storyboard; sourceTree = "<group>"; };
		A72B793C1F2231AF009FB389 /* Info.plist */ = {isa = PBXFileReference; lastKnownFileType = text.plist.xml; path = Info.plist; sourceTree = "<group>"; };
		A77676041F26B9B200F1FA52 /* EventViewController.swift */ = {isa = PBXFileReference; fileEncoding = 4; lastKnownFileType = sourcecode.swift; path = EventViewController.swift; sourceTree = "<group>"; };
		A77676061F26B9DB00F1FA52 /* SearchViewController.swift */ = {isa = PBXFileReference; fileEncoding = 4; lastKnownFileType = sourcecode.swift; path = SearchViewController.swift; sourceTree = "<group>"; };
		A77676081F26B9E800F1FA52 /* ProfileViewController.swift */ = {isa = PBXFileReference; fileEncoding = 4; lastKnownFileType = sourcecode.swift; path = ProfileViewController.swift; sourceTree = "<group>"; };
		A776760A1F26B9F600F1FA52 /* SettingsViewController.swift */ = {isa = PBXFileReference; fileEncoding = 4; lastKnownFileType = sourcecode.swift; path = SettingsViewController.swift; sourceTree = "<group>"; };
		A776760C1F26BE8200F1FA52 /* StickyCollectionViewFlowLayout.swift */ = {isa = PBXFileReference; fileEncoding = 4; lastKnownFileType = sourcecode.swift; path = StickyCollectionViewFlowLayout.swift; sourceTree = "<group>"; };
		A77676131F26D49E00F1FA52 /* UIColorExtension.swift */ = {isa = PBXFileReference; fileEncoding = 4; lastKnownFileType = sourcecode.swift; path = UIColorExtension.swift; sourceTree = "<group>"; };
		A77676151F27C52F00F1FA52 /* EventCollectionViewCell.swift */ = {isa = PBXFileReference; fileEncoding = 4; lastKnownFileType = sourcecode.swift; path = EventCollectionViewCell.swift; sourceTree = "<group>"; };
		A77676171F28CCE400F1FA52 /* Constants.swift */ = {isa = PBXFileReference; fileEncoding = 4; lastKnownFileType = sourcecode.swift; path = Constants.swift; sourceTree = "<group>"; };
		A77676191F28E1E000F1FA52 /* FacebookEvents.swift */ = {isa = PBXFileReference; fileEncoding = 4; lastKnownFileType = sourcecode.swift; path = FacebookEvents.swift; sourceTree = "<group>"; };
		A7A24D491F390B6600EFB82E /* RozeLink.swift */ = {isa = PBXFileReference; fileEncoding = 4; lastKnownFileType = sourcecode.swift; path = RozeLink.swift; sourceTree = "<group>"; };
		A7EC365F1F3387C200548C11 /* Event.swift */ = {isa = PBXFileReference; fileEncoding = 4; lastKnownFileType = sourcecode.swift; path = Event.swift; sourceTree = "<group>"; };
		A7EC36611F3387DA00548C11 /* Place.swift */ = {isa = PBXFileReference; fileEncoding = 4; lastKnownFileType = sourcecode.swift; path = Place.swift; sourceTree = "<group>"; };
		A7EC36641F33954600548C11 /* NSDictionary+KeyPathConvenience.swift */ = {isa = PBXFileReference; fileEncoding = 4; lastKnownFileType = sourcecode.swift; path = "NSDictionary+KeyPathConvenience.swift"; sourceTree = "<group>"; };
		A7EC36841F36553B00548C11 /* LoginViewController.swift */ = {isa = PBXFileReference; fileEncoding = 4; lastKnownFileType = sourcecode.swift; path = LoginViewController.swift; sourceTree = "<group>"; };
		A7EC36861F365AA900548C11 /* TabBarViewController.swift */ = {isa = PBXFileReference; fileEncoding = 4; lastKnownFileType = sourcecode.swift; path = TabBarViewController.swift; sourceTree = "<group>"; };
		AB83D2E3F35B2A53E9FA9FFF /* Pods-InRoZe.release.xcconfig */ = {isa = PBXFileReference; includeInIndex = 1; lastKnownFileType = text.xcconfig; name = "Pods-InRoZe.release.xcconfig"; path = "Pods/Target Support Files/Pods-InRoZe/Pods-InRoZe.release.xcconfig"; sourceTree = "<group>"; };
/* End PBXFileReference section */

/* Begin PBXFrameworksBuildPhase section */
		A72B79271F2231AF009FB389 /* Frameworks */ = {
			isa = PBXFrameworksBuildPhase;
			buildActionMask = 2147483647;
			files = (
				297B48270458BA2567535BBB /* Pods_InRoZe.framework in Frameworks */,
			);
			runOnlyForDeploymentPostprocessing = 0;
		};
/* End PBXFrameworksBuildPhase section */

/* Begin PBXGroup section */
		4E73017E964B5423D0EC3497 /* Pods */ = {
			isa = PBXGroup;
			children = (
				434049AE2BF497F26E4FEE54 /* Pods-InRoZe.debug.xcconfig */,
				AB83D2E3F35B2A53E9FA9FFF /* Pods-InRoZe.release.xcconfig */,
			);
			name = Pods;
			sourceTree = "<group>";
		};
		937A662A2ECE75214D33432F /* Frameworks */ = {
			isa = PBXGroup;
			children = (
				025DA5AD4652E67328D77902 /* Pods_InRoZe.framework */,
			);
			name = Frameworks;
			sourceTree = "<group>";
		};
		A71C7C801F2A559800A0D5A8 /* UIImageColors */ = {
			isa = PBXGroup;
			children = (
				A71C7C811F2A55C400A0D5A8 /* UIImageColors.swift */,
			);
			name = UIImageColors;
			sourceTree = "<group>";
		};
		A72B79211F2231AF009FB389 = {
			isa = PBXGroup;
			children = (
				A72B792C1F2231AF009FB389 /* InRoZe */,
				A72B792B1F2231AF009FB389 /* Products */,
				4E73017E964B5423D0EC3497 /* Pods */,
				937A662A2ECE75214D33432F /* Frameworks */,
			);
			sourceTree = "<group>";
		};
		A72B792B1F2231AF009FB389 /* Products */ = {
			isa = PBXGroup;
			children = (
				A72B792A1F2231AF009FB389 /* InRoZe.app */,
			);
			name = Products;
			sourceTree = "<group>";
		};
		A72B792C1F2231AF009FB389 /* InRoZe */ = {
			isa = PBXGroup;
			children = (
				A72B79311F2231AF009FB389 /* Main.storyboard */,
				A7EC36861F365AA900548C11 /* TabBarViewController.swift */,
				A7EC36841F36553B00548C11 /* LoginViewController.swift */,
				A72B792F1F2231AF009FB389 /* FavoriteViewController.swift */,
				A77676061F26B9DB00F1FA52 /* SearchViewController.swift */,
				A77676081F26B9E800F1FA52 /* ProfileViewController.swift */,
				A776760A1F26B9F600F1FA52 /* SettingsViewController.swift */,
				A77676041F26B9B200F1FA52 /* EventViewController.swift */,
				A77676151F27C52F00F1FA52 /* EventCollectionViewCell.swift */,
				A70F25DC1F2C8B2F0048D060 /* FBEventS.swift */,
				A70F25DA1F2C87A40048D060 /* FBEvent.swift */,
				A7EC36631F3387FD00548C11 /* Facebook */,
				A77676121F26BF3100F1FA52 /* Helpers */,
				A776760E1F26BE8A00F1FA52 /* Source */,
				A72B79371F2231AF009FB389 /* Assets.xcassets */,
				A72B79421F2231F8009FB389 /* Supporting Files */,
			);
			path = InRoZe;
			sourceTree = "<group>";
		};
		A72B79421F2231F8009FB389 /* Supporting Files */ = {
			isa = PBXGroup;
			children = (
				A72B792D1F2231AF009FB389 /* AppDelegate.swift */,
				A72B79391F2231AF009FB389 /* LaunchScreen.storyboard */,
				A72B793C1F2231AF009FB389 /* Info.plist */,
				A72B79341F2231AF009FB389 /* InRoZe.xcdatamodeld */,
			);
			name = "Supporting Files";
			sourceTree = "<group>";
		};
		A776760E1F26BE8A00F1FA52 /* Source */ = {
			isa = PBXGroup;
			children = (
				A71C7C801F2A559800A0D5A8 /* UIImageColors */,
				A776760F1F26BEA600F1FA52 /* StickyCollection */,
			);
			name = Source;
			sourceTree = "<group>";
		};
		A776760F1F26BEA600F1FA52 /* StickyCollection */ = {
			isa = PBXGroup;
			children = (
				A776760C1F26BE8200F1FA52 /* StickyCollectionViewFlowLayout.swift */,
			);
			name = StickyCollection;
			sourceTree = "<group>";
		};
		A77676121F26BF3100F1FA52 /* Helpers */ = {
			isa = PBXGroup;
			children = (
				A7A24D491F390B6600EFB82E /* RozeLink.swift */,
				A77676191F28E1E000F1FA52 /* FacebookEvents.swift */,
				A77676171F28CCE400F1FA52 /* Constants.swift */,
				A77676131F26D49E00F1FA52 /* UIColorExtension.swift */,
			);
			name = Helpers;
			sourceTree = "<group>";
		};
		A7EC36631F3387FD00548C11 /* Facebook */ = {
			isa = PBXGroup;
			children = (
				A7EC36641F33954600548C11 /* NSDictionary+KeyPathConvenience.swift */,
				A7EC365F1F3387C200548C11 /* Event.swift */,
				A7EC36611F3387DA00548C11 /* Place.swift */,
			);
			name = Facebook;
			sourceTree = "<group>";
		};
/* End PBXGroup section */

/* Begin PBXNativeTarget section */
		A72B79291F2231AF009FB389 /* InRoZe */ = {
			isa = PBXNativeTarget;
			buildConfigurationList = A72B793F1F2231AF009FB389 /* Build configuration list for PBXNativeTarget "InRoZe" */;
			buildPhases = (
				2E021295AF3964D01C1FD1A0 /* [CP] Check Pods Manifest.lock */,
				A72B79261F2231AF009FB389 /* Sources */,
				A72B79271F2231AF009FB389 /* Frameworks */,
				A72B79281F2231AF009FB389 /* Resources */,
				4A98FD31EE395221222B8AC1 /* [CP] Embed Pods Frameworks */,
				71CEE18FDE0F823AF9413D66 /* [CP] Copy Pods Resources */,
			);
			buildRules = (
			);
			dependencies = (
			);
			name = InRoZe;
			productName = InRoZe;
			productReference = A72B792A1F2231AF009FB389 /* InRoZe.app */;
			productType = "com.apple.product-type.application";
		};
/* End PBXNativeTarget section */

/* Begin PBXProject section */
		A72B79221F2231AF009FB389 /* Project object */ = {
			isa = PBXProject;
			attributes = {
				LastSwiftUpdateCheck = 0830;
				LastUpgradeCheck = 0830;
				ORGANIZATIONNAME = "Erick Olibo";
				TargetAttributes = {
					A72B79291F2231AF009FB389 = {
						CreatedOnToolsVersion = 8.3.3;
						DevelopmentTeam = BLQ9SH2EFS;
						ProvisioningStyle = Automatic;
					};
				};
			};
			buildConfigurationList = A72B79251F2231AF009FB389 /* Build configuration list for PBXProject "InRoZe" */;
			compatibilityVersion = "Xcode 3.2";
			developmentRegion = English;
			hasScannedForEncodings = 0;
			knownRegions = (
				en,
				Base,
			);
			mainGroup = A72B79211F2231AF009FB389;
			productRefGroup = A72B792B1F2231AF009FB389 /* Products */;
			projectDirPath = "";
			projectRoot = "";
			targets = (
				A72B79291F2231AF009FB389 /* InRoZe */,
			);
		};
/* End PBXProject section */

/* Begin PBXResourcesBuildPhase section */
		A72B79281F2231AF009FB389 /* Resources */ = {
			isa = PBXResourcesBuildPhase;
			buildActionMask = 2147483647;
			files = (
				A72B793B1F2231AF009FB389 /* LaunchScreen.storyboard in Resources */,
				A72B79381F2231AF009FB389 /* Assets.xcassets in Resources */,
				A72B79331F2231AF009FB389 /* Main.storyboard in Resources */,
			);
			runOnlyForDeploymentPostprocessing = 0;
		};
/* End PBXResourcesBuildPhase section */

/* Begin PBXShellScriptBuildPhase section */
		2E021295AF3964D01C1FD1A0 /* [CP] Check Pods Manifest.lock */ = {
			isa = PBXShellScriptBuildPhase;
			buildActionMask = 2147483647;
			files = (
			);
			inputPaths = (
				"${PODS_PODFILE_DIR_PATH}/Podfile.lock",
				"${PODS_ROOT}/Manifest.lock",
			);
			name = "[CP] Check Pods Manifest.lock";
			outputPaths = (
				"$(DERIVED_FILE_DIR)/Pods-InRoZe-checkManifestLockResult.txt",
			);
			runOnlyForDeploymentPostprocessing = 0;
			shellPath = /bin/sh;
			shellScript = "diff \"${PODS_PODFILE_DIR_PATH}/Podfile.lock\" \"${PODS_ROOT}/Manifest.lock\" > /dev/null\nif [ $? != 0 ] ; then\n    # print error to STDERR\n    echo \"error: The sandbox is not in sync with the Podfile.lock. Run 'pod install' or update your CocoaPods installation.\" >&2\n    exit 1\nfi\n# This output is used by Xcode 'outputs' to avoid re-running this script phase.\necho \"SUCCESS\" > \"${SCRIPT_OUTPUT_FILE_0}\"\n";
			showEnvVarsInLog = 0;
		};
		4A98FD31EE395221222B8AC1 /* [CP] Embed Pods Frameworks */ = {
			isa = PBXShellScriptBuildPhase;
			buildActionMask = 2147483647;
			files = (
			);
			inputPaths = (
				"${SRCROOT}/Pods/Target Support Files/Pods-InRoZe/Pods-InRoZe-frameworks.sh",
				"${BUILT_PRODUCTS_DIR}/Bolts/Bolts.framework",
				"${BUILT_PRODUCTS_DIR}/FBSDKCoreKit/FBSDKCoreKit.framework",
				"${BUILT_PRODUCTS_DIR}/FBSDKLoginKit/FBSDKLoginKit.framework",
				"${BUILT_PRODUCTS_DIR}/FBSDKShareKit/FBSDKShareKit.framework",
				"${BUILT_PRODUCTS_DIR}/FacebookCore/FacebookCore.framework",
				"${BUILT_PRODUCTS_DIR}/FacebookLogin/FacebookLogin.framework",
				"${BUILT_PRODUCTS_DIR}/FacebookShare/FacebookShare.framework",
			);
			name = "[CP] Embed Pods Frameworks";
			outputPaths = (
				"${TARGET_BUILD_DIR}/${FRAMEWORKS_FOLDER_PATH}/Bolts.framework",
				"${TARGET_BUILD_DIR}/${FRAMEWORKS_FOLDER_PATH}/FBSDKCoreKit.framework",
				"${TARGET_BUILD_DIR}/${FRAMEWORKS_FOLDER_PATH}/FBSDKLoginKit.framework",
				"${TARGET_BUILD_DIR}/${FRAMEWORKS_FOLDER_PATH}/FBSDKShareKit.framework",
				"${TARGET_BUILD_DIR}/${FRAMEWORKS_FOLDER_PATH}/FacebookCore.framework",
				"${TARGET_BUILD_DIR}/${FRAMEWORKS_FOLDER_PATH}/FacebookLogin.framework",
				"${TARGET_BUILD_DIR}/${FRAMEWORKS_FOLDER_PATH}/FacebookShare.framework",
			);
			runOnlyForDeploymentPostprocessing = 0;
			shellPath = /bin/sh;
			shellScript = "\"${SRCROOT}/Pods/Target Support Files/Pods-InRoZe/Pods-InRoZe-frameworks.sh\"\n";
			showEnvVarsInLog = 0;
		};
		71CEE18FDE0F823AF9413D66 /* [CP] Copy Pods Resources */ = {
			isa = PBXShellScriptBuildPhase;
			buildActionMask = 2147483647;
			files = (
			);
			inputPaths = (
			);
			name = "[CP] Copy Pods Resources";
			outputPaths = (
			);
			runOnlyForDeploymentPostprocessing = 0;
			shellPath = /bin/sh;
			shellScript = "\"${SRCROOT}/Pods/Target Support Files/Pods-InRoZe/Pods-InRoZe-resources.sh\"\n";
			showEnvVarsInLog = 0;
		};
/* End PBXShellScriptBuildPhase section */

/* Begin PBXSourcesBuildPhase section */
		A72B79261F2231AF009FB389 /* Sources */ = {
			isa = PBXSourcesBuildPhase;
			buildActionMask = 2147483647;
			files = (
				A77676071F26B9DB00F1FA52 /* SearchViewController.swift in Sources */,
				A77676181F28CCE400F1FA52 /* Constants.swift in Sources */,
				A77676161F27C52F00F1FA52 /* EventCollectionViewCell.swift in Sources */,
				A70F25DD1F2C8B2F0048D060 /* FBEventS.swift in Sources */,
				A7EC36851F36553B00548C11 /* LoginViewController.swift in Sources */,
				A71C7C821F2A55C400A0D5A8 /* UIImageColors.swift in Sources */,
				A77676051F26B9B200F1FA52 /* EventViewController.swift in Sources */,
				A72B79301F2231AF009FB389 /* FavoriteViewController.swift in Sources */,
				A7EC36871F365AA900548C11 /* TabBarViewController.swift in Sources */,
				A72B79361F2231AF009FB389 /* InRoZe.xcdatamodeld in Sources */,
				A7EC36601F3387C200548C11 /* Event.swift in Sources */,
				A7EC36621F3387DA00548C11 /* Place.swift in Sources */,
				A776761A1F28E1E000F1FA52 /* FacebookEvents.swift in Sources */,
				A70F25DB1F2C87A40048D060 /* FBEvent.swift in Sources */,
				A77676091F26B9E800F1FA52 /* ProfileViewController.swift in Sources */,
				A7A24D4A1F390B6600EFB82E /* RozeLink.swift in Sources */,
				A776760D1F26BE8200F1FA52 /* StickyCollectionViewFlowLayout.swift in Sources */,
				A72B792E1F2231AF009FB389 /* AppDelegate.swift in Sources */,
				A7EC36651F33954600548C11 /* NSDictionary+KeyPathConvenience.swift in Sources */,
				A77676141F26D49E00F1FA52 /* UIColorExtension.swift in Sources */,
				A776760B1F26B9F600F1FA52 /* SettingsViewController.swift in Sources */,
			);
			runOnlyForDeploymentPostprocessing = 0;
		};
/* End PBXSourcesBuildPhase section */

/* Begin PBXVariantGroup section */
		A72B79311F2231AF009FB389 /* Main.storyboard */ = {
			isa = PBXVariantGroup;
			children = (
				A72B79321F2231AF009FB389 /* Base */,
			);
			name = Main.storyboard;
			sourceTree = "<group>";
		};
		A72B79391F2231AF009FB389 /* LaunchScreen.storyboard */ = {
			isa = PBXVariantGroup;
			children = (
				A72B793A1F2231AF009FB389 /* Base */,
			);
			name = LaunchScreen.storyboard;
			sourceTree = "<group>";
		};
/* End PBXVariantGroup section */

/* Begin XCBuildConfiguration section */
		A72B793D1F2231AF009FB389 /* Debug */ = {
			isa = XCBuildConfiguration;
			buildSettings = {
				ALWAYS_SEARCH_USER_PATHS = NO;
				CLANG_ANALYZER_NONNULL = YES;
				CLANG_ANALYZER_NUMBER_OBJECT_CONVERSION = YES_AGGRESSIVE;
				CLANG_CXX_LANGUAGE_STANDARD = "gnu++0x";
				CLANG_CXX_LIBRARY = "libc++";
				CLANG_ENABLE_MODULES = YES;
				CLANG_ENABLE_OBJC_ARC = YES;
				CLANG_WARN_BOOL_CONVERSION = YES;
				CLANG_WARN_CONSTANT_CONVERSION = YES;
				CLANG_WARN_DIRECT_OBJC_ISA_USAGE = YES_ERROR;
				CLANG_WARN_DOCUMENTATION_COMMENTS = YES;
				CLANG_WARN_EMPTY_BODY = YES;
				CLANG_WARN_ENUM_CONVERSION = YES;
				CLANG_WARN_INFINITE_RECURSION = YES;
				CLANG_WARN_INT_CONVERSION = YES;
				CLANG_WARN_OBJC_ROOT_CLASS = YES_ERROR;
				CLANG_WARN_SUSPICIOUS_MOVE = YES;
				CLANG_WARN_UNREACHABLE_CODE = YES;
				CLANG_WARN__DUPLICATE_METHOD_MATCH = YES;
				"CODE_SIGN_IDENTITY[sdk=iphoneos*]" = "iPhone Developer";
				COPY_PHASE_STRIP = NO;
				DEBUG_INFORMATION_FORMAT = dwarf;
				ENABLE_STRICT_OBJC_MSGSEND = YES;
				ENABLE_TESTABILITY = YES;
				GCC_C_LANGUAGE_STANDARD = gnu99;
				GCC_DYNAMIC_NO_PIC = NO;
				GCC_NO_COMMON_BLOCKS = YES;
				GCC_OPTIMIZATION_LEVEL = 0;
				GCC_PREPROCESSOR_DEFINITIONS = (
					"DEBUG=1",
					"$(inherited)",
				);
				GCC_WARN_64_TO_32_BIT_CONVERSION = YES;
				GCC_WARN_ABOUT_RETURN_TYPE = YES_ERROR;
				GCC_WARN_UNDECLARED_SELECTOR = YES;
				GCC_WARN_UNINITIALIZED_AUTOS = YES_AGGRESSIVE;
				GCC_WARN_UNUSED_FUNCTION = YES;
				GCC_WARN_UNUSED_VARIABLE = YES;
				IPHONEOS_DEPLOYMENT_TARGET = 10.3;
				MTL_ENABLE_DEBUG_INFO = YES;
				ONLY_ACTIVE_ARCH = YES;
				SDKROOT = iphoneos;
				SWIFT_ACTIVE_COMPILATION_CONDITIONS = DEBUG;
				SWIFT_OPTIMIZATION_LEVEL = "-Onone";
			};
			name = Debug;
		};
		A72B793E1F2231AF009FB389 /* Release */ = {
			isa = XCBuildConfiguration;
			buildSettings = {
				ALWAYS_SEARCH_USER_PATHS = NO;
				CLANG_ANALYZER_NONNULL = YES;
				CLANG_ANALYZER_NUMBER_OBJECT_CONVERSION = YES_AGGRESSIVE;
				CLANG_CXX_LANGUAGE_STANDARD = "gnu++0x";
				CLANG_CXX_LIBRARY = "libc++";
				CLANG_ENABLE_MODULES = YES;
				CLANG_ENABLE_OBJC_ARC = YES;
				CLANG_WARN_BOOL_CONVERSION = YES;
				CLANG_WARN_CONSTANT_CONVERSION = YES;
				CLANG_WARN_DIRECT_OBJC_ISA_USAGE = YES_ERROR;
				CLANG_WARN_DOCUMENTATION_COMMENTS = YES;
				CLANG_WARN_EMPTY_BODY = YES;
				CLANG_WARN_ENUM_CONVERSION = YES;
				CLANG_WARN_INFINITE_RECURSION = YES;
				CLANG_WARN_INT_CONVERSION = YES;
				CLANG_WARN_OBJC_ROOT_CLASS = YES_ERROR;
				CLANG_WARN_SUSPICIOUS_MOVE = YES;
				CLANG_WARN_UNREACHABLE_CODE = YES;
				CLANG_WARN__DUPLICATE_METHOD_MATCH = YES;
				"CODE_SIGN_IDENTITY[sdk=iphoneos*]" = "iPhone Developer";
				COPY_PHASE_STRIP = NO;
				DEBUG_INFORMATION_FORMAT = "dwarf-with-dsym";
				ENABLE_NS_ASSERTIONS = NO;
				ENABLE_STRICT_OBJC_MSGSEND = YES;
				GCC_C_LANGUAGE_STANDARD = gnu99;
				GCC_NO_COMMON_BLOCKS = YES;
				GCC_WARN_64_TO_32_BIT_CONVERSION = YES;
				GCC_WARN_ABOUT_RETURN_TYPE = YES_ERROR;
				GCC_WARN_UNDECLARED_SELECTOR = YES;
				GCC_WARN_UNINITIALIZED_AUTOS = YES_AGGRESSIVE;
				GCC_WARN_UNUSED_FUNCTION = YES;
				GCC_WARN_UNUSED_VARIABLE = YES;
				IPHONEOS_DEPLOYMENT_TARGET = 10.3;
				MTL_ENABLE_DEBUG_INFO = NO;
				SDKROOT = iphoneos;
				SWIFT_OPTIMIZATION_LEVEL = "-Owholemodule";
				VALIDATE_PRODUCT = YES;
			};
			name = Release;
		};
		A72B79401F2231AF009FB389 /* Debug */ = {
			isa = XCBuildConfiguration;
			baseConfigurationReference = 434049AE2BF497F26E4FEE54 /* Pods-InRoZe.debug.xcconfig */;
			buildSettings = {
				ASSETCATALOG_COMPILER_APPICON_NAME = AppIcon;
				DEVELOPMENT_TEAM = BLQ9SH2EFS;
				INFOPLIST_FILE = InRoZe/Info.plist;
				LD_RUNPATH_SEARCH_PATHS = "$(inherited) @executable_path/Frameworks";
				PRODUCT_BUNDLE_IDENTIFIER = com.defkut.InRoZe;
				PRODUCT_NAME = "$(TARGET_NAME)";
				SWIFT_VERSION = 3.0;
			};
			name = Debug;
		};
		A72B79411F2231AF009FB389 /* Release */ = {
			isa = XCBuildConfiguration;
			baseConfigurationReference = AB83D2E3F35B2A53E9FA9FFF /* Pods-InRoZe.release.xcconfig */;
			buildSettings = {
				ASSETCATALOG_COMPILER_APPICON_NAME = AppIcon;
				DEVELOPMENT_TEAM = BLQ9SH2EFS;
				INFOPLIST_FILE = InRoZe/Info.plist;
				LD_RUNPATH_SEARCH_PATHS = "$(inherited) @executable_path/Frameworks";
				PRODUCT_BUNDLE_IDENTIFIER = com.defkut.InRoZe;
				PRODUCT_NAME = "$(TARGET_NAME)";
				SWIFT_VERSION = 3.0;
			};
			name = Release;
		};
/* End XCBuildConfiguration section */

/* Begin XCConfigurationList section */
		A72B79251F2231AF009FB389 /* Build configuration list for PBXProject "InRoZe" */ = {
			isa = XCConfigurationList;
			buildConfigurations = (
				A72B793D1F2231AF009FB389 /* Debug */,
				A72B793E1F2231AF009FB389 /* Release */,
			);
			defaultConfigurationIsVisible = 0;
			defaultConfigurationName = Release;
		};
		A72B793F1F2231AF009FB389 /* Build configuration list for PBXNativeTarget "InRoZe" */ = {
			isa = XCConfigurationList;
			buildConfigurations = (
				A72B79401F2231AF009FB389 /* Debug */,
				A72B79411F2231AF009FB389 /* Release */,
			);
			defaultConfigurationIsVisible = 0;
			defaultConfigurationName = Release;
		};
/* End XCConfigurationList section */

/* Begin XCVersionGroup section */
		A72B79341F2231AF009FB389 /* InRoZe.xcdatamodeld */ = {
			isa = XCVersionGroup;
			children = (
				A72B79351F2231AF009FB389 /* InRoZe.xcdatamodel */,
			);
			currentVersion = A72B79351F2231AF009FB389 /* InRoZe.xcdatamodel */;
			path = InRoZe.xcdatamodeld;
			sourceTree = "<group>";
			versionGroupType = wrapper.xcdatamodel;
		};
/* End XCVersionGroup section */
	};
	rootObject = A72B79221F2231AF009FB389 /* Project object */;
}
